
Microsoft Visual Studio Solution File, Format Version 12.00
# Visual Studio Version 17
VisualStudioVersion = 17.6.33815.320
MinimumVisualStudioVersion = 10.0.40219.1
Project("{8BC9CEB8-8B4A-11D0-8D11-00A0C91BC942}") = "raytracingGPU", "raytracingGPU.vcxproj", "{AC9DE9A4-4C93-457E-B798-3D8B50B655BD}"
EndProject
Global
	GlobalSection(SolutionConfigurationPlatforms) = preSolution
		Debug|x64 = Debug|x64
		Debug|x86 = Debug|x86
		Release|x64 = Release|x64
		Release|x86 = Release|x86
	EndGlobalSection
	GlobalSection(ProjectConfigurationPlatforms) = postSolution
		{AC9DE9A4-4C93-457E-B798-3D8B50B655BD}.Debug|x64.ActiveCfg = Debug|x64
		{AC9DE9A4-4C93-457E-B798-3D8B50B655BD}.Debug|x64.Build.0 = Debug|x64
		{AC9DE9A4-4C93-457E-B798-3D8B50B655BD}.Debug|x86.ActiveCfg = Debug|Win32
		{AC9DE9A4-4C93-457E-B798-3D8B50B655BD}.Debug|x86.Build.0 = Debug|Win32
		{AC9DE9A4-4C93-457E-B798-3D8B50B655BD}.Release|x64.ActiveCfg = Release|x64
		{AC9DE9A4-4C93-457E-B798-3D8B50B655BD}.Release|x64.Build.0 = Release|x64
		{AC9DE9A4-4C93-457E-B798-3D8B50B655BD}.Release|x86.ActiveCfg = Release|Win32
		{AC9DE9A4-4C93-457E-B798-3D8B50B655BD}.Release|x86.Build.0 = Release|Win32
	EndGlobalSection
	GlobalSection(SolutionProperties) = preSolution
		HideSolutionNode = FALSE
	EndGlobalSection
	GlobalSection(ExtensibilityGlobals) = postSolution
		SolutionGuid = {961A7C14-AE14-4867-90D3-1E8D36073852}
	EndGlobalSection
EndGlobal
